
Microsoft Visual Studio Solution File, Format Version 12.00
# Visual Studio Version 16
VisualStudioVersion = 16.0.30320.27
MinimumVisualStudioVersion = 10.0.40219.1
Project("{FAE04EC0-301F-11D3-BF4B-00C04F79EFBC}") = "Calculator", "Calculator.csproj", "{4FD7E382-1AC1-485B-B477-23EEB4026817}"
EndProject
Project("{FAE04EC0-301F-11D3-BF4B-00C04F79EFBC}") = "OperationsLibrary", "..\OperationsLibrary\OperationsLibrary.csproj", "{7FB66BE3-0434-414A-ACB1-06A6A623734B}"
EndProject
Project("{FAE04EC0-301F-11D3-BF4B-00C04F79EFBC}") = "OperationsTests", "..\OperationsTests\OperationsTests.csproj", "{C411C0BF-AF9A-42C4-BD2B-A7F84FDE6E0B}"
EndProject
Global
	GlobalSection(SolutionConfigurationPlatforms) = preSolution
		Debug|Any CPU = Debug|Any CPU
		Release|Any CPU = Release|Any CPU
	EndGlobalSection
	GlobalSection(ProjectConfigurationPlatforms) = postSolution
		{4FD7E382-1AC1-485B-B477-23EEB4026817}.Debug|Any CPU.ActiveCfg = Debug|Any CPU
		{4FD7E382-1AC1-485B-B477-23EEB4026817}.Debug|Any CPU.Build.0 = Debug|Any CPU
		{4FD7E382-1AC1-485B-B477-23EEB4026817}.Release|Any CPU.ActiveCfg = Release|Any CPU
		{4FD7E382-1AC1-485B-B477-23EEB4026817}.Release|Any CPU.Build.0 = Release|Any CPU
		{7FB66BE3-0434-414A-ACB1-06A6A623734B}.Debug|Any CPU.ActiveCfg = Debug|Any CPU
		{7FB66BE3-0434-414A-ACB1-06A6A623734B}.Debug|Any CPU.Build.0 = Debug|Any CPU
		{7FB66BE3-0434-414A-ACB1-06A6A623734B}.Release|Any CPU.ActiveCfg = Release|Any CPU
		{7FB66BE3-0434-414A-ACB1-06A6A623734B}.Release|Any CPU.Build.0 = Release|Any CPU
		{C411C0BF-AF9A-42C4-BD2B-A7F84FDE6E0B}.Debug|Any CPU.ActiveCfg = Debug|Any CPU
		{C411C0BF-AF9A-42C4-BD2B-A7F84FDE6E0B}.Debug|Any CPU.Build.0 = Debug|Any CPU
		{C411C0BF-AF9A-42C4-BD2B-A7F84FDE6E0B}.Release|Any CPU.ActiveCfg = Release|Any CPU
		{C411C0BF-AF9A-42C4-BD2B-A7F84FDE6E0B}.Release|Any CPU.Build.0 = Release|Any CPU
	EndGlobalSection
	GlobalSection(SolutionProperties) = preSolution
		HideSolutionNode = FALSE
	EndGlobalSection
	GlobalSection(ExtensibilityGlobals) = postSolution
		SolutionGuid = {A47D74F8-5028-469C-AFBC-3648AF3883D2}
	EndGlobalSection
EndGlobal
